
Microsoft Visual Studio Solution File, Format Version 12.00
# Visual Studio Version 16
VisualStudioVersion = 16.0.34301.259
MinimumVisualStudioVersion = 10.0.40219.1
Project("{8BC9CEB8-8B4A-11D0-8D11-00A0C91BC942}") = "openffmpeg", "openffmpeg\openffmpeg.vcxproj", "{02CBBECE-335C-4675-A595-188F31E3FDCB}"
EndProject
Global
	GlobalSection(SolutionConfigurationPlatforms) = preSolution
		Debug|x64 = Debug|x64
		Debug|x86 = Debug|x86
		Release|x64 = Release|x64
		Release|x86 = Release|x86
	EndGlobalSection
	GlobalSection(ProjectConfigurationPlatforms) = postSolution
		{02CBBECE-335C-4675-A595-188F31E3FDCB}.Debug|x64.ActiveCfg = Debug|x64
		{02CBBECE-335C-4675-A595-188F31E3FDCB}.Debug|x64.Build.0 = Debug|x64
		{02CBBECE-335C-4675-A595-188F31E3FDCB}.Debug|x86.ActiveCfg = Debug|Win32
		{02CBBECE-335C-4675-A595-188F31E3FDCB}.Debug|x86.Build.0 = Debug|Win32
		{02CBBECE-335C-4675-A595-188F31E3FDCB}.Release|x64.ActiveCfg = Release|x64
		{02CBBECE-335C-4675-A595-188F31E3FDCB}.Release|x64.Build.0 = Release|x64
		{02CBBECE-335C-4675-A595-188F31E3FDCB}.Release|x86.ActiveCfg = Release|Win32
		{02CBBECE-335C-4675-A595-188F31E3FDCB}.Release|x86.Build.0 = Release|Win32
	EndGlobalSection
	GlobalSection(SolutionProperties) = preSolution
		HideSolutionNode = FALSE
	EndGlobalSection
	GlobalSection(ExtensibilityGlobals) = postSolution
		SolutionGuid = {560770DC-3163-4D11-B5D0-CD691C9AF4FE}
	EndGlobalSection
EndGlobal
